// !$*UTF8*$!
{
	archiveVersion = 1;
	classes = {
	};
	objectVersion = 46;
	objects = {

/* Begin PBXBuildFile section */
		CD1152F21B5265E100A0C55D /* AppDelegate.swift in Sources */ = {isa = PBXBuildFile; fileRef = CD1152F11B5265E100A0C55D /* AppDelegate.swift */; };
		CD1152F41B5265E100A0C55D /* ViewController.swift in Sources */ = {isa = PBXBuildFile; fileRef = CD1152F31B5265E100A0C55D /* ViewController.swift */; };
		CD1152F71B5265E100A0C55D /* Main.storyboard in Resources */ = {isa = PBXBuildFile; fileRef = CD1152F51B5265E100A0C55D /* Main.storyboard */; };
		CD1152F91B5265E100A0C55D /* Images.xcassets in Resources */ = {isa = PBXBuildFile; fileRef = CD1152F81B5265E100A0C55D /* Images.xcassets */; };
		CD1152FC1B5265E100A0C55D /* LaunchScreen.xib in Resources */ = {isa = PBXBuildFile; fileRef = CD1152FA1B5265E100A0C55D /* LaunchScreen.xib */; };
		CD1153081B5265E200A0C55D /* TableViewTests.swift in Sources */ = {isa = PBXBuildFile; fileRef = CD1153071B5265E200A0C55D /* TableViewTests.swift */; };
		CD11531C1B527F6F00A0C55D /* ProductTableViewController.swift in Sources */ = {isa = PBXBuildFile; fileRef = CD11531B1B527F6F00A0C55D /* ProductTableViewController.swift */; };
		CD11531E1B52801600A0C55D /* CreateProductViewController.swift in Sources */ = {isa = PBXBuildFile; fileRef = CD11531D1B52801600A0C55D /* CreateProductViewController.swift */; };
		CD5CDED51B55890900A2958A /* VeganCardPostViewController.swift in Sources */ = {isa = PBXBuildFile; fileRef = CD5CDED41B55890900A2958A /* VeganCardPostViewController.swift */; };
		CD8715DA1B56F72E00846EA0 /* PassingAViewController.swift in Sources */ = {isa = PBXBuildFile; fileRef = CD8715D91B56F72E00846EA0 /* PassingAViewController.swift */; };
		CD8715DC1B56F7BF00846EA0 /* PassingBViewController.swift in Sources */ = {isa = PBXBuildFile; fileRef = CD8715DB1B56F7BF00846EA0 /* PassingBViewController.swift */; };
		CE5B87811B5CEC7000761E97 /* WebViewController.swift in Sources */ = {isa = PBXBuildFile; fileRef = CE5B87801B5CEC7000761E97 /* WebViewController.swift */; };
		CE6D2AB21B6CD693004F544C /* TryCatchFinally.m in Sources */ = {isa = PBXBuildFile; fileRef = CE6D2AB11B6CD693004F544C /* TryCatchFinally.m */; };
		CE6D2AB41B6CD7A1004F544C /* TryCatchFinally.swift in Sources */ = {isa = PBXBuildFile; fileRef = CE6D2AB31B6CD7A1004F544C /* TryCatchFinally.swift */; };
		CE6D2AB61B6CDB9C004F544C /* UserData.swift in Sources */ = {isa = PBXBuildFile; fileRef = CE6D2AB51B6CDB9C004F544C /* UserData.swift */; };
		CE9459501B5F92C400F118BB /* LoginViewController.swift in Sources */ = {isa = PBXBuildFile; fileRef = CE94594F1B5F92C400F118BB /* LoginViewController.swift */; };
		CE9459521B5F974200F118BB /* ClassLibrary.swift in Sources */ = {isa = PBXBuildFile; fileRef = CE9459511B5F974200F118BB /* ClassLibrary.swift */; };
		CEA61F601B634CB900E0AEE4 /* Global.swift in Sources */ = {isa = PBXBuildFile; fileRef = CEA61F5F1B634CB900E0AEE4 /* Global.swift */; };
		CEB4AD3B1B6A2E0A00E2AD64 /* libsqlite3.dylib in Frameworks */ = {isa = PBXBuildFile; fileRef = CEB4AD3A1B6A2E0A00E2AD64 /* libsqlite3.dylib */; };
		CEB4AD3D1B6A2E5300E2AD64 /* CreateMemberViewController.swift in Sources */ = {isa = PBXBuildFile; fileRef = CEB4AD3C1B6A2E5300E2AD64 /* CreateMemberViewController.swift */; };
		CEB4AD491B6A2E9000E2AD64 /* FMDatabase.m in Sources */ = {isa = PBXBuildFile; fileRef = CEB4AD3F1B6A2E9000E2AD64 /* FMDatabase.m */; };
		CEB4AD4A1B6A2E9000E2AD64 /* FMDatabaseAdditions.m in Sources */ = {isa = PBXBuildFile; fileRef = CEB4AD411B6A2E9000E2AD64 /* FMDatabaseAdditions.m */; };
		CEB4AD4B1B6A2E9000E2AD64 /* FMDatabasePool.m in Sources */ = {isa = PBXBuildFile; fileRef = CEB4AD431B6A2E9000E2AD64 /* FMDatabasePool.m */; };
		CEB4AD4C1B6A2E9000E2AD64 /* FMDatabaseQueue.m in Sources */ = {isa = PBXBuildFile; fileRef = CEB4AD451B6A2E9000E2AD64 /* FMDatabaseQueue.m */; };
		CEB4AD4D1B6A2E9000E2AD64 /* FMResultSet.m in Sources */ = {isa = PBXBuildFile; fileRef = CEB4AD481B6A2E9000E2AD64 /* FMResultSet.m */; };
		CEB4AD501B6A2ED100E2AD64 /* Db.swift in Sources */ = {isa = PBXBuildFile; fileRef = CEB4AD4F1B6A2ED100E2AD64 /* Db.swift */; };
		CEE2EC001B7770400093FBE4 /* CoreData.framework in Frameworks */ = {isa = PBXBuildFile; fileRef = CEE2EBFF1B7770400093FBE4 /* CoreData.framework */; };
		CEE2EC031B7774B20093FBE4 /* Data.xcdatamodeld in Sources */ = {isa = PBXBuildFile; fileRef = CEE2EC011B7774B20093FBE4 /* Data.xcdatamodeld */; };
		CEE2EC051B7775090093FBE4 /* Member.swift in Sources */ = {isa = PBXBuildFile; fileRef = CEE2EC041B7775090093FBE4 /* Member.swift */; };
		CEE762881B65F06D00000FA6 /* Remote.swift in Sources */ = {isa = PBXBuildFile; fileRef = CEE762871B65F06D00000FA6 /* Remote.swift */; };
		CEE7628A1B663F4600000FA6 /* PostResponse.swift in Sources */ = {isa = PBXBuildFile; fileRef = CEE762891B663F4600000FA6 /* PostResponse.swift */; };
/* End PBXBuildFile section */

/* Begin PBXContainerItemProxy section */
		CD1153021B5265E200A0C55D /* PBXContainerItemProxy */ = {
			isa = PBXContainerItemProxy;
			containerPortal = CD1152E41B5265E100A0C55D /* Project object */;
			proxyType = 1;
			remoteGlobalIDString = CD1152EB1B5265E100A0C55D;
			remoteInfo = TableView;
		};
/* End PBXContainerItemProxy section */

/* Begin PBXFileReference section */
		CD1152EC1B5265E100A0C55D /* TableView.app */ = {isa = PBXFileReference; explicitFileType = wrapper.application; includeInIndex = 0; path = TableView.app; sourceTree = BUILT_PRODUCTS_DIR; };
		CD1152F01B5265E100A0C55D /* Info.plist */ = {isa = PBXFileReference; lastKnownFileType = text.plist.xml; path = Info.plist; sourceTree = "<group>"; };
		CD1152F11B5265E100A0C55D /* AppDelegate.swift */ = {isa = PBXFileReference; lastKnownFileType = sourcecode.swift; path = AppDelegate.swift; sourceTree = "<group>"; };
		CD1152F31B5265E100A0C55D /* ViewController.swift */ = {isa = PBXFileReference; lastKnownFileType = sourcecode.swift; path = ViewController.swift; sourceTree = "<group>"; };
		CD1152F61B5265E100A0C55D /* Base */ = {isa = PBXFileReference; lastKnownFileType = file.storyboard; name = Base; path = Base.lproj/Main.storyboard; sourceTree = "<group>"; };
		CD1152F81B5265E100A0C55D /* Images.xcassets */ = {isa = PBXFileReference; lastKnownFileType = folder.assetcatalog; path = Images.xcassets; sourceTree = "<group>"; };
		CD1152FB1B5265E100A0C55D /* Base */ = {isa = PBXFileReference; lastKnownFileType = file.xib; name = Base; path = Base.lproj/LaunchScreen.xib; sourceTree = "<group>"; };
		CD1153011B5265E200A0C55D /* TableViewTests.xctest */ = {isa = PBXFileReference; explicitFileType = wrapper.cfbundle; includeInIndex = 0; path = TableViewTests.xctest; sourceTree = BUILT_PRODUCTS_DIR; };
		CD1153061B5265E200A0C55D /* Info.plist */ = {isa = PBXFileReference; lastKnownFileType = text.plist.xml; path = Info.plist; sourceTree = "<group>"; };
		CD1153071B5265E200A0C55D /* TableViewTests.swift */ = {isa = PBXFileReference; lastKnownFileType = sourcecode.swift; path = TableViewTests.swift; sourceTree = "<group>"; };
		CD11531B1B527F6F00A0C55D /* ProductTableViewController.swift */ = {isa = PBXFileReference; fileEncoding = 4; lastKnownFileType = sourcecode.swift; path = ProductTableViewController.swift; sourceTree = "<group>"; };
		CD11531D1B52801600A0C55D /* CreateProductViewController.swift */ = {isa = PBXFileReference; fileEncoding = 4; lastKnownFileType = sourcecode.swift; path = CreateProductViewController.swift; sourceTree = "<group>"; };
		CD5CDED41B55890900A2958A /* VeganCardPostViewController.swift */ = {isa = PBXFileReference; fileEncoding = 4; lastKnownFileType = sourcecode.swift; path = VeganCardPostViewController.swift; sourceTree = "<group>"; };
		CD8715D91B56F72E00846EA0 /* PassingAViewController.swift */ = {isa = PBXFileReference; fileEncoding = 4; lastKnownFileType = sourcecode.swift; path = PassingAViewController.swift; sourceTree = "<group>"; };
		CD8715DB1B56F7BF00846EA0 /* PassingBViewController.swift */ = {isa = PBXFileReference; fileEncoding = 4; lastKnownFileType = sourcecode.swift; path = PassingBViewController.swift; sourceTree = "<group>"; };
		CE5B87801B5CEC7000761E97 /* WebViewController.swift */ = {isa = PBXFileReference; fileEncoding = 4; lastKnownFileType = sourcecode.swift; path = WebViewController.swift; sourceTree = "<group>"; };
		CE6D2AB01B6CD693004F544C /* TryCatchFinally.h */ = {isa = PBXFileReference; fileEncoding = 4; lastKnownFileType = sourcecode.c.h; path = TryCatchFinally.h; sourceTree = "<group>"; };
		CE6D2AB11B6CD693004F544C /* TryCatchFinally.m */ = {isa = PBXFileReference; fileEncoding = 4; lastKnownFileType = sourcecode.c.objc; path = TryCatchFinally.m; sourceTree = "<group>"; };
		CE6D2AB31B6CD7A1004F544C /* TryCatchFinally.swift */ = {isa = PBXFileReference; fileEncoding = 4; lastKnownFileType = sourcecode.swift; path = TryCatchFinally.swift; sourceTree = "<group>"; };
		CE6D2AB51B6CDB9C004F544C /* UserData.swift */ = {isa = PBXFileReference; fileEncoding = 4; lastKnownFileType = sourcecode.swift; path = UserData.swift; sourceTree = "<group>"; };
		CE7528B11B687E4E00F880AF /* TableView-Bridging-Header.h */ = {isa = PBXFileReference; lastKnownFileType = sourcecode.c.h; path = "TableView-Bridging-Header.h"; sourceTree = "<group>"; };
		CE94594F1B5F92C400F118BB /* LoginViewController.swift */ = {isa = PBXFileReference; fileEncoding = 4; lastKnownFileType = sourcecode.swift; path = LoginViewController.swift; sourceTree = "<group>"; };
		CE9459511B5F974200F118BB /* ClassLibrary.swift */ = {isa = PBXFileReference; fileEncoding = 4; lastKnownFileType = sourcecode.swift; path = ClassLibrary.swift; sourceTree = "<group>"; };
		CEA61F5F1B634CB900E0AEE4 /* Global.swift */ = {isa = PBXFileReference; fileEncoding = 4; lastKnownFileType = sourcecode.swift; path = Global.swift; sourceTree = "<group>"; };
		CEB4AD3A1B6A2E0A00E2AD64 /* libsqlite3.dylib */ = {isa = PBXFileReference; lastKnownFileType = "compiled.mach-o.dylib"; name = libsqlite3.dylib; path = usr/lib/libsqlite3.dylib; sourceTree = SDKROOT; };
		CEB4AD3C1B6A2E5300E2AD64 /* CreateMemberViewController.swift */ = {isa = PBXFileReference; fileEncoding = 4; lastKnownFileType = sourcecode.swift; path = CreateMemberViewController.swift; sourceTree = "<group>"; };
		CEB4AD3E1B6A2E9000E2AD64 /* FMDatabase.h */ = {isa = PBXFileReference; fileEncoding = 4; lastKnownFileType = sourcecode.c.h; path = FMDatabase.h; sourceTree = "<group>"; };
		CEB4AD3F1B6A2E9000E2AD64 /* FMDatabase.m */ = {isa = PBXFileReference; fileEncoding = 4; lastKnownFileType = sourcecode.c.objc; path = FMDatabase.m; sourceTree = "<group>"; };
		CEB4AD401B6A2E9000E2AD64 /* FMDatabaseAdditions.h */ = {isa = PBXFileReference; fileEncoding = 4; lastKnownFileType = sourcecode.c.h; path = FMDatabaseAdditions.h; sourceTree = "<group>"; };
		CEB4AD411B6A2E9000E2AD64 /* FMDatabaseAdditions.m */ = {isa = PBXFileReference; fileEncoding = 4; lastKnownFileType = sourcecode.c.objc; path = FMDatabaseAdditions.m; sourceTree = "<group>"; };
		CEB4AD421B6A2E9000E2AD64 /* FMDatabasePool.h */ = {isa = PBXFileReference; fileEncoding = 4; lastKnownFileType = sourcecode.c.h; path = FMDatabasePool.h; sourceTree = "<group>"; };
		CEB4AD431B6A2E9000E2AD64 /* FMDatabasePool.m */ = {isa = PBXFileReference; fileEncoding = 4; lastKnownFileType = sourcecode.c.objc; path = FMDatabasePool.m; sourceTree = "<group>"; };
		CEB4AD441B6A2E9000E2AD64 /* FMDatabaseQueue.h */ = {isa = PBXFileReference; fileEncoding = 4; lastKnownFileType = sourcecode.c.h; path = FMDatabaseQueue.h; sourceTree = "<group>"; };
		CEB4AD451B6A2E9000E2AD64 /* FMDatabaseQueue.m */ = {isa = PBXFileReference; fileEncoding = 4; lastKnownFileType = sourcecode.c.objc; path = FMDatabaseQueue.m; sourceTree = "<group>"; };
		CEB4AD461B6A2E9000E2AD64 /* FMDB.h */ = {isa = PBXFileReference; fileEncoding = 4; lastKnownFileType = sourcecode.c.h; path = FMDB.h; sourceTree = "<group>"; };
		CEB4AD471B6A2E9000E2AD64 /* FMResultSet.h */ = {isa = PBXFileReference; fileEncoding = 4; lastKnownFileType = sourcecode.c.h; path = FMResultSet.h; sourceTree = "<group>"; };
		CEB4AD481B6A2E9000E2AD64 /* FMResultSet.m */ = {isa = PBXFileReference; fileEncoding = 4; lastKnownFileType = sourcecode.c.objc; path = FMResultSet.m; sourceTree = "<group>"; };
		CEB4AD4F1B6A2ED100E2AD64 /* Db.swift */ = {isa = PBXFileReference; fileEncoding = 4; lastKnownFileType = sourcecode.swift; path = Db.swift; sourceTree = "<group>"; };
		CEE2EBFF1B7770400093FBE4 /* CoreData.framework */ = {isa = PBXFileReference; lastKnownFileType = wrapper.framework; name = CoreData.framework; path = System/Library/Frameworks/CoreData.framework; sourceTree = SDKROOT; };
		CEE2EC021B7774B20093FBE4 /* Data.xcdatamodel */ = {isa = PBXFileReference; lastKnownFileType = wrapper.xcdatamodel; path = Data.xcdatamodel; sourceTree = "<group>"; };
		CEE2EC041B7775090093FBE4 /* Member.swift */ = {isa = PBXFileReference; fileEncoding = 4; lastKnownFileType = sourcecode.swift; path = Member.swift; sourceTree = "<group>"; };
		CEE762871B65F06D00000FA6 /* Remote.swift */ = {isa = PBXFileReference; fileEncoding = 4; lastKnownFileType = sourcecode.swift; path = Remote.swift; sourceTree = "<group>"; };
		CEE762891B663F4600000FA6 /* PostResponse.swift */ = {isa = PBXFileReference; fileEncoding = 4; lastKnownFileType = sourcecode.swift; path = PostResponse.swift; sourceTree = "<group>"; };
/* End PBXFileReference section */

/* Begin PBXFrameworksBuildPhase section */
		CD1152E91B5265E100A0C55D /* Frameworks */ = {
			isa = PBXFrameworksBuildPhase;
			buildActionMask = 2147483647;
			files = (
				CEE2EC001B7770400093FBE4 /* CoreData.framework in Frameworks */,
				CEB4AD3B1B6A2E0A00E2AD64 /* libsqlite3.dylib in Frameworks */,
			);
			runOnlyForDeploymentPostprocessing = 0;
		};
		CD1152FE1B5265E200A0C55D /* Frameworks */ = {
			isa = PBXFrameworksBuildPhase;
			buildActionMask = 2147483647;
			files = (
			);
			runOnlyForDeploymentPostprocessing = 0;
		};
/* End PBXFrameworksBuildPhase section */

/* Begin PBXGroup section */
		CD1152E31B5265E100A0C55D = {
			isa = PBXGroup;
			children = (
				CEE2EBFF1B7770400093FBE4 /* CoreData.framework */,
				CEB4AD3A1B6A2E0A00E2AD64 /* libsqlite3.dylib */,
				CD1152EE1B5265E100A0C55D /* TableView */,
				CD1153041B5265E200A0C55D /* TableViewTests */,
				CD1152ED1B5265E100A0C55D /* Products */,
			);
			sourceTree = "<group>";
		};
		CD1152ED1B5265E100A0C55D /* Products */ = {
			isa = PBXGroup;
			children = (
				CD1152EC1B5265E100A0C55D /* TableView.app */,
				CD1153011B5265E200A0C55D /* TableViewTests.xctest */,
			);
			name = Products;
			sourceTree = "<group>";
		};
		CD1152EE1B5265E100A0C55D /* TableView */ = {
			isa = PBXGroup;
			children = (
				CEB4AD3C1B6A2E5300E2AD64 /* CreateMemberViewController.swift */,
				CE7528B11B687E4E00F880AF /* TableView-Bridging-Header.h */,
				CEA61F5F1B634CB900E0AEE4 /* Global.swift */,
				CD1152F11B5265E100A0C55D /* AppDelegate.swift */,
				CD1152F31B5265E100A0C55D /* ViewController.swift */,
				CD11531B1B527F6F00A0C55D /* ProductTableViewController.swift */,
				CD11531D1B52801600A0C55D /* CreateProductViewController.swift */,
				CEE762871B65F06D00000FA6 /* Remote.swift */,
				CEE762891B663F4600000FA6 /* PostResponse.swift */,
				CD1152F51B5265E100A0C55D /* Main.storyboard */,
				CE94594F1B5F92C400F118BB /* LoginViewController.swift */,
				CE9459511B5F974200F118BB /* ClassLibrary.swift */,
				CD8715D91B56F72E00846EA0 /* PassingAViewController.swift */,
				CD8715DB1B56F7BF00846EA0 /* PassingBViewController.swift */,
				CD5CDED41B55890900A2958A /* VeganCardPostViewController.swift */,
				CE5B87801B5CEC7000761E97 /* WebViewController.swift */,
				CEB4AD4F1B6A2ED100E2AD64 /* Db.swift */,
				CD1152F81B5265E100A0C55D /* Images.xcassets */,
				CD1152FA1B5265E100A0C55D /* LaunchScreen.xib */,
				CEB4AD4E1B6A2E9C00E2AD64 /* fmdb */,
				CE6D2AAF1B6CD672004F544C /* trycatch */,
				CD1152EF1B5265E100A0C55D /* Supporting Files */,
				CE6D2AB31B6CD7A1004F544C /* TryCatchFinally.swift */,
				CE6D2AB51B6CDB9C004F544C /* UserData.swift */,
				CEE2EC011B7774B20093FBE4 /* Data.xcdatamodeld */,
				CEE2EC041B7775090093FBE4 /* Member.swift */,
			);
			path = TableView;
			sourceTree = "<group>";
		};
		CD1152EF1B5265E100A0C55D /* Supporting Files */ = {
			isa = PBXGroup;
			children = (
				CD1152F01B5265E100A0C55D /* Info.plist */,
			);
			name = "Supporting Files";
			sourceTree = "<group>";
		};
		CD1153041B5265E200A0C55D /* TableViewTests */ = {
			isa = PBXGroup;
			children = (
				CD1153071B5265E200A0C55D /* TableViewTests.swift */,
				CD1153051B5265E200A0C55D /* Supporting Files */,
			);
			path = TableViewTests;
			sourceTree = "<group>";
		};
		CD1153051B5265E200A0C55D /* Supporting Files */ = {
			isa = PBXGroup;
			children = (
				CD1153061B5265E200A0C55D /* Info.plist */,
			);
			name = "Supporting Files";
			sourceTree = "<group>";
		};
		CE6D2AAF1B6CD672004F544C /* trycatch */ = {
			isa = PBXGroup;
			children = (
				CE6D2AB01B6CD693004F544C /* TryCatchFinally.h */,
				CE6D2AB11B6CD693004F544C /* TryCatchFinally.m */,
			);
			name = trycatch;
			sourceTree = "<group>";
		};
		CEB4AD4E1B6A2E9C00E2AD64 /* fmdb */ = {
			isa = PBXGroup;
			children = (
				CEB4AD3E1B6A2E9000E2AD64 /* FMDatabase.h */,
				CEB4AD3F1B6A2E9000E2AD64 /* FMDatabase.m */,
				CEB4AD401B6A2E9000E2AD64 /* FMDatabaseAdditions.h */,
				CEB4AD411B6A2E9000E2AD64 /* FMDatabaseAdditions.m */,
				CEB4AD421B6A2E9000E2AD64 /* FMDatabasePool.h */,
				CEB4AD431B6A2E9000E2AD64 /* FMDatabasePool.m */,
				CEB4AD441B6A2E9000E2AD64 /* FMDatabaseQueue.h */,
				CEB4AD451B6A2E9000E2AD64 /* FMDatabaseQueue.m */,
				CEB4AD461B6A2E9000E2AD64 /* FMDB.h */,
				CEB4AD471B6A2E9000E2AD64 /* FMResultSet.h */,
				CEB4AD481B6A2E9000E2AD64 /* FMResultSet.m */,
			);
			name = fmdb;
			sourceTree = "<group>";
		};
/* End PBXGroup section */

/* Begin PBXNativeTarget section */
		CD1152EB1B5265E100A0C55D /* TableView */ = {
			isa = PBXNativeTarget;
			buildConfigurationList = CD11530B1B5265E200A0C55D /* Build configuration list for PBXNativeTarget "TableView" */;
			buildPhases = (
				CD1152E81B5265E100A0C55D /* Sources */,
				CD1152E91B5265E100A0C55D /* Frameworks */,
				CD1152EA1B5265E100A0C55D /* Resources */,
			);
			buildRules = (
			);
			dependencies = (
			);
			name = TableView;
			productName = TableView;
			productReference = CD1152EC1B5265E100A0C55D /* TableView.app */;
			productType = "com.apple.product-type.application";
		};
		CD1153001B5265E200A0C55D /* TableViewTests */ = {
			isa = PBXNativeTarget;
			buildConfigurationList = CD11530E1B5265E200A0C55D /* Build configuration list for PBXNativeTarget "TableViewTests" */;
			buildPhases = (
				CD1152FD1B5265E200A0C55D /* Sources */,
				CD1152FE1B5265E200A0C55D /* Frameworks */,
				CD1152FF1B5265E200A0C55D /* Resources */,
			);
			buildRules = (
			);
			dependencies = (
				CD1153031B5265E200A0C55D /* PBXTargetDependency */,
			);
			name = TableViewTests;
			productName = TableViewTests;
			productReference = CD1153011B5265E200A0C55D /* TableViewTests.xctest */;
			productType = "com.apple.product-type.bundle.unit-test";
		};
/* End PBXNativeTarget section */

/* Begin PBXProject section */
		CD1152E41B5265E100A0C55D /* Project object */ = {
			isa = PBXProject;
			attributes = {
				LastUpgradeCheck = 0640;
				ORGANIZATIONNAME = "Rex Liu";
				TargetAttributes = {
					CD1152EB1B5265E100A0C55D = {
						CreatedOnToolsVersion = 6.4;
					};
					CD1153001B5265E200A0C55D = {
						CreatedOnToolsVersion = 6.4;
						TestTargetID = CD1152EB1B5265E100A0C55D;
					};
				};
			};
			buildConfigurationList = CD1152E71B5265E100A0C55D /* Build configuration list for PBXProject "TableView" */;
			compatibilityVersion = "Xcode 3.2";
			developmentRegion = English;
			hasScannedForEncodings = 0;
			knownRegions = (
				en,
				Base,
			);
			mainGroup = CD1152E31B5265E100A0C55D;
			productRefGroup = CD1152ED1B5265E100A0C55D /* Products */;
			projectDirPath = "";
			projectRoot = "";
			targets = (
				CD1152EB1B5265E100A0C55D /* TableView */,
				CD1153001B5265E200A0C55D /* TableViewTests */,
			);
		};
/* End PBXProject section */

/* Begin PBXResourcesBuildPhase section */
		CD1152EA1B5265E100A0C55D /* Resources */ = {
			isa = PBXResourcesBuildPhase;
			buildActionMask = 2147483647;
			files = (
				CD1152F71B5265E100A0C55D /* Main.storyboard in Resources */,
				CD1152FC1B5265E100A0C55D /* LaunchScreen.xib in Resources */,
				CD1152F91B5265E100A0C55D /* Images.xcassets in Resources */,
			);
			runOnlyForDeploymentPostprocessing = 0;
		};
		CD1152FF1B5265E200A0C55D /* Resources */ = {
			isa = PBXResourcesBuildPhase;
			buildActionMask = 2147483647;
			files = (
			);
			runOnlyForDeploymentPostprocessing = 0;
		};
/* End PBXResourcesBuildPhase section */

/* Begin PBXSourcesBuildPhase section */
		CD1152E81B5265E100A0C55D /* Sources */ = {
			isa = PBXSourcesBuildPhase;
			buildActionMask = 2147483647;
			files = (
				CE9459501B5F92C400F118BB /* LoginViewController.swift in Sources */,
				CD8715DA1B56F72E00846EA0 /* PassingAViewController.swift in Sources */,
				CEB4AD3D1B6A2E5300E2AD64 /* CreateMemberViewController.swift in Sources */,
				CEB4AD491B6A2E9000E2AD64 /* FMDatabase.m in Sources */,
				CE9459521B5F974200F118BB /* ClassLibrary.swift in Sources */,
				CEB4AD4D1B6A2E9000E2AD64 /* FMResultSet.m in Sources */,
				CD11531E1B52801600A0C55D /* CreateProductViewController.swift in Sources */,
				CD1152F41B5265E100A0C55D /* ViewController.swift in Sources */,
				CE6D2AB21B6CD693004F544C /* TryCatchFinally.m in Sources */,
				CEB4AD4A1B6A2E9000E2AD64 /* FMDatabaseAdditions.m in Sources */,
				CD8715DC1B56F7BF00846EA0 /* PassingBViewController.swift in Sources */,
				CD11531C1B527F6F00A0C55D /* ProductTableViewController.swift in Sources */,
				CE6D2AB61B6CDB9C004F544C /* UserData.swift in Sources */,
				CEE7628A1B663F4600000FA6 /* PostResponse.swift in Sources */,
				CEA61F601B634CB900E0AEE4 /* Global.swift in Sources */,
				CEB4AD501B6A2ED100E2AD64 /* Db.swift in Sources */,
				CEE762881B65F06D00000FA6 /* Remote.swift in Sources */,
				CD1152F21B5265E100A0C55D /* AppDelegate.swift in Sources */,
				CD5CDED51B55890900A2958A /* VeganCardPostViewController.swift in Sources */,
				CEE2EC031B7774B20093FBE4 /* Data.xcdatamodeld in Sources */,
				CE5B87811B5CEC7000761E97 /* WebViewController.swift in Sources */,
				CE6D2AB41B6CD7A1004F544C /* TryCatchFinally.swift in Sources */,
				CEB4AD4B1B6A2E9000E2AD64 /* FMDatabasePool.m in Sources */,
				CEB4AD4C1B6A2E9000E2AD64 /* FMDatabaseQueue.m in Sources */,
				CEE2EC051B7775090093FBE4 /* Member.swift in Sources */,
			);
			runOnlyForDeploymentPostprocessing = 0;
		};
		CD1152FD1B5265E200A0C55D /* Sources */ = {
			isa = PBXSourcesBuildPhase;
			buildActionMask = 2147483647;
			files = (
				CD1153081B5265E200A0C55D /* TableViewTests.swift in Sources */,
			);
			runOnlyForDeploymentPostprocessing = 0;
		};
/* End PBXSourcesBuildPhase section */

/* Begin PBXTargetDependency section */
		CD1153031B5265E200A0C55D /* PBXTargetDependency */ = {
			isa = PBXTargetDependency;
			target = CD1152EB1B5265E100A0C55D /* TableView */;
			targetProxy = CD1153021B5265E200A0C55D /* PBXContainerItemProxy */;
		};
/* End PBXTargetDependency section */

/* Begin PBXVariantGroup section */
		CD1152F51B5265E100A0C55D /* Main.storyboard */ = {
			isa = PBXVariantGroup;
			children = (
				CD1152F61B5265E100A0C55D /* Base */,
			);
			name = Main.storyboard;
			sourceTree = "<group>";
		};
		CD1152FA1B5265E100A0C55D /* LaunchScreen.xib */ = {
			isa = PBXVariantGroup;
			children = (
				CD1152FB1B5265E100A0C55D /* Base */,
			);
			name = LaunchScreen.xib;
			sourceTree = "<group>";
		};
/* End PBXVariantGroup section */

/* Begin XCBuildConfiguration section */
		CD1153091B5265E200A0C55D /* Debug */ = {
			isa = XCBuildConfiguration;
			buildSettings = {
				ALWAYS_SEARCH_USER_PATHS = NO;
				CLANG_CXX_LANGUAGE_STANDARD = "gnu++0x";
				CLANG_CXX_LIBRARY = "libc++";
				CLANG_ENABLE_MODULES = YES;
				CLANG_ENABLE_OBJC_ARC = YES;
				CLANG_WARN_BOOL_CONVERSION = YES;
				CLANG_WARN_CONSTANT_CONVERSION = YES;
				CLANG_WARN_DIRECT_OBJC_ISA_USAGE = YES_ERROR;
				CLANG_WARN_EMPTY_BODY = YES;
				CLANG_WARN_ENUM_CONVERSION = YES;
				CLANG_WARN_INT_CONVERSION = YES;
				CLANG_WARN_OBJC_ROOT_CLASS = YES_ERROR;
				CLANG_WARN_UNREACHABLE_CODE = YES;
				CLANG_WARN__DUPLICATE_METHOD_MATCH = YES;
				"CODE_SIGN_IDENTITY[sdk=iphoneos*]" = "iPhone Developer";
				COPY_PHASE_STRIP = NO;
				DEBUG_INFORMATION_FORMAT = "dwarf-with-dsym";
				ENABLE_STRICT_OBJC_MSGSEND = YES;
				GCC_C_LANGUAGE_STANDARD = gnu99;
				GCC_DYNAMIC_NO_PIC = NO;
				GCC_NO_COMMON_BLOCKS = YES;
				GCC_OPTIMIZATION_LEVEL = 0;
				GCC_PREPROCESSOR_DEFINITIONS = (
					"DEBUG=1",
					"$(inherited)",
				);
				GCC_SYMBOLS_PRIVATE_EXTERN = NO;
				GCC_WARN_64_TO_32_BIT_CONVERSION = YES;
				GCC_WARN_ABOUT_RETURN_TYPE = YES_ERROR;
				GCC_WARN_UNDECLARED_SELECTOR = YES;
				GCC_WARN_UNINITIALIZED_AUTOS = YES_AGGRESSIVE;
				GCC_WARN_UNUSED_FUNCTION = YES;
				GCC_WARN_UNUSED_VARIABLE = YES;
				IPHONEOS_DEPLOYMENT_TARGET = 8.4;
				MTL_ENABLE_DEBUG_INFO = YES;
				ONLY_ACTIVE_ARCH = YES;
				SDKROOT = iphoneos;
				SWIFT_OPTIMIZATION_LEVEL = "-Onone";
			};
			name = Debug;
		};
		CD11530A1B5265E200A0C55D /* Release */ = {
			isa = XCBuildConfiguration;
			buildSettings = {
				ALWAYS_SEARCH_USER_PATHS = NO;
				CLANG_CXX_LANGUAGE_STANDARD = "gnu++0x";
				CLANG_CXX_LIBRARY = "libc++";
				CLANG_ENABLE_MODULES = YES;
				CLANG_ENABLE_OBJC_ARC = YES;
				CLANG_WARN_BOOL_CONVERSION = YES;
				CLANG_WARN_CONSTANT_CONVERSION = YES;
				CLANG_WARN_DIRECT_OBJC_ISA_USAGE = YES_ERROR;
				CLANG_WARN_EMPTY_BODY = YES;
				CLANG_WARN_ENUM_CONVERSION = YES;
				CLANG_WARN_INT_CONVERSION = YES;
				CLANG_WARN_OBJC_ROOT_CLASS = YES_ERROR;
				CLANG_WARN_UNREACHABLE_CODE = YES;
				CLANG_WARN__DUPLICATE_METHOD_MATCH = YES;
				"CODE_SIGN_IDENTITY[sdk=iphoneos*]" = "iPhone Developer";
				COPY_PHASE_STRIP = NO;
				DEBUG_INFORMATION_FORMAT = "dwarf-with-dsym";
				ENABLE_NS_ASSERTIONS = NO;
				ENABLE_STRICT_OBJC_MSGSEND = YES;
				GCC_C_LANGUAGE_STANDARD = gnu99;
				GCC_NO_COMMON_BLOCKS = YES;
				GCC_WARN_64_TO_32_BIT_CONVERSION = YES;
				GCC_WARN_ABOUT_RETURN_TYPE = YES_ERROR;
				GCC_WARN_UNDECLARED_SELECTOR = YES;
				GCC_WARN_UNINITIALIZED_AUTOS = YES_AGGRESSIVE;
				GCC_WARN_UNUSED_FUNCTION = YES;
				GCC_WARN_UNUSED_VARIABLE = YES;
				IPHONEOS_DEPLOYMENT_TARGET = 8.4;
				MTL_ENABLE_DEBUG_INFO = NO;
				SDKROOT = iphoneos;
				VALIDATE_PRODUCT = YES;
			};
			name = Release;
		};
		CD11530C1B5265E200A0C55D /* Debug */ = {
			isa = XCBuildConfiguration;
			buildSettings = {
				ASSETCATALOG_COMPILER_APPICON_NAME = AppIcon;
				CLANG_ENABLE_MODULES = YES;
				FRAMEWORK_SEARCH_PATHS = (
					"$(inherited)",
					"$(PROJECT_DIR)/TableView",
				);
				INFOPLIST_FILE = TableView/Info.plist;
				LD_RUNPATH_SEARCH_PATHS = "$(inherited) @executable_path/Frameworks";
				PRODUCT_NAME = "$(TARGET_NAME)";
				SWIFT_OBJC_BRIDGING_HEADER = "TableView/TableView-Bridging-Header.h";
				SWIFT_OPTIMIZATION_LEVEL = "-Onone";
			};
			name = Debug;
		};
		CD11530D1B5265E200A0C55D /* Release */ = {
			isa = XCBuildConfiguration;
			buildSettings = {
				ASSETCATALOG_COMPILER_APPICON_NAME = AppIcon;
				CLANG_ENABLE_MODULES = YES;
				FRAMEWORK_SEARCH_PATHS = (
					"$(inherited)",
					"$(PROJECT_DIR)/TableView",
				);
				INFOPLIST_FILE = TableView/Info.plist;
				LD_RUNPATH_SEARCH_PATHS = "$(inherited) @executable_path/Frameworks";
				PRODUCT_NAME = "$(TARGET_NAME)";
				SWIFT_OBJC_BRIDGING_HEADER = "TableView/TableView-Bridging-Header.h";
			};
			name = Release;
		};
		CD11530F1B5265E200A0C55D /* Debug */ = {
			isa = XCBuildConfiguration;
			buildSettings = {
				BUNDLE_LOADER = "$(TEST_HOST)";
				FRAMEWORK_SEARCH_PATHS = (
					"$(SDKROOT)/Developer/Library/Frameworks",
					"$(inherited)",
				);
				GCC_PREPROCESSOR_DEFINITIONS = (
					"DEBUG=1",
					"$(inherited)",
				);
				INFOPLIST_FILE = TableViewTests/Info.plist;
				LD_RUNPATH_SEARCH_PATHS = "$(inherited) @executable_path/Frameworks @loader_path/Frameworks";
				PRODUCT_NAME = "$(TARGET_NAME)";
				TEST_HOST = "$(BUILT_PRODUCTS_DIR)/TableView.app/TableView";
			};
			name = Debug;
		};
		CD1153101B5265E200A0C55D /* Release */ = {
			isa = XCBuildConfiguration;
			buildSettings = {
				BUNDLE_LOADER = "$(TEST_HOST)";
				FRAMEWORK_SEARCH_PATHS = (
					"$(SDKROOT)/Developer/Library/Frameworks",
					"$(inherited)",
				);
				INFOPLIST_FILE = TableViewTests/Info.plist;
				LD_RUNPATH_SEARCH_PATHS = "$(inherited) @executable_path/Frameworks @loader_path/Frameworks";
				PRODUCT_NAME = "$(TARGET_NAME)";
				TEST_HOST = "$(BUILT_PRODUCTS_DIR)/TableView.app/TableView";
			};
			name = Release;
		};
/* End XCBuildConfiguration section */

/* Begin XCConfigurationList section */
		CD1152E71B5265E100A0C55D /* Build configuration list for PBXProject "TableView" */ = {
			isa = XCConfigurationList;
			buildConfigurations = (
				CD1153091B5265E200A0C55D /* Debug */,
				CD11530A1B5265E200A0C55D /* Release */,
			);
			defaultConfigurationIsVisible = 0;
			defaultConfigurationName = Release;
		};
		CD11530B1B5265E200A0C55D /* Build configuration list for PBXNativeTarget "TableView" */ = {
			isa = XCConfigurationList;
			buildConfigurations = (
				CD11530C1B5265E200A0C55D /* Debug */,
				CD11530D1B5265E200A0C55D /* Release */,
			);
			defaultConfigurationIsVisible = 0;
			defaultConfigurationName = Release;
		};
		CD11530E1B5265E200A0C55D /* Build configuration list for PBXNativeTarget "TableViewTests" */ = {
			isa = XCConfigurationList;
			buildConfigurations = (
				CD11530F1B5265E200A0C55D /* Debug */,
				CD1153101B5265E200A0C55D /* Release */,
			);
			defaultConfigurationIsVisible = 0;
			defaultConfigurationName = Release;
		};
/* End XCConfigurationList section */

/* Begin XCVersionGroup section */
		CEE2EC011B7774B20093FBE4 /* Data.xcdatamodeld */ = {
			isa = XCVersionGroup;
			children = (
				CEE2EC021B7774B20093FBE4 /* Data.xcdatamodel */,
			);
			currentVersion = CEE2EC021B7774B20093FBE4 /* Data.xcdatamodel */;
			path = Data.xcdatamodeld;
			sourceTree = "<group>";
			versionGroupType = wrapper.xcdatamodel;
		};
/* End XCVersionGroup section */
	};
	rootObject = CD1152E41B5265E100A0C55D /* Project object */;
}
